
Microsoft Visual Studio Solution File, Format Version 12.00
# Visual Studio Version 17
VisualStudioVersion = 17.9.34728.123
MinimumVisualStudioVersion = 10.0.40219.1
Project("{FAE04EC0-301F-11D3-BF4B-00C04F79EFBC}") = "VoiceTexterBot", "VoiceTexterBot\VoiceTexterBot.csproj", "{BE69D2C9-E040-4BBF-8F31-4448B667E390}"
EndProject
Global
	GlobalSection(SolutionConfigurationPlatforms) = preSolution
		Debug|Any CPU = Debug|Any CPU
		Release|Any CPU = Release|Any CPU
	EndGlobalSection
	GlobalSection(ProjectConfigurationPlatforms) = postSolution
		{BE69D2C9-E040-4BBF-8F31-4448B667E390}.Debug|Any CPU.ActiveCfg = Debug|Any CPU
		{BE69D2C9-E040-4BBF-8F31-4448B667E390}.Debug|Any CPU.Build.0 = Debug|Any CPU
		{BE69D2C9-E040-4BBF-8F31-4448B667E390}.Release|Any CPU.ActiveCfg = Release|Any CPU
		{BE69D2C9-E040-4BBF-8F31-4448B667E390}.Release|Any CPU.Build.0 = Release|Any CPU
	EndGlobalSection
	GlobalSection(SolutionProperties) = preSolution
		HideSolutionNode = FALSE
	EndGlobalSection
	GlobalSection(ExtensibilityGlobals) = postSolution
		SolutionGuid = {70BDC721-1163-4FC2-AEF6-8003D1F7BA19}
	EndGlobalSection
EndGlobal
